
Microsoft Visual Studio Solution File, Format Version 12.00
# Visual Studio Version 16
VisualStudioVersion = 16.0.30225.117
MinimumVisualStudioVersion = 10.0.40219.1
Project("{9A19103F-16F7-4668-BE54-9A1E7A4F7556}") = "floristeria", "floristeria.csproj", "{B250B6C2-8869-4F9C-B15F-5B5C0D0DFE4B}"
EndProject
Global
	GlobalSection(SolutionConfigurationPlatforms) = preSolution
		Debug|Any CPU = Debug|Any CPU
		Release|Any CPU = Release|Any CPU
	EndGlobalSection
	GlobalSection(ProjectConfigurationPlatforms) = postSolution
		{B250B6C2-8869-4F9C-B15F-5B5C0D0DFE4B}.Debug|Any CPU.ActiveCfg = Debug|Any CPU
		{B250B6C2-8869-4F9C-B15F-5B5C0D0DFE4B}.Debug|Any CPU.Build.0 = Debug|Any CPU
		{B250B6C2-8869-4F9C-B15F-5B5C0D0DFE4B}.Release|Any CPU.ActiveCfg = Release|Any CPU
		{B250B6C2-8869-4F9C-B15F-5B5C0D0DFE4B}.Release|Any CPU.Build.0 = Release|Any CPU
	EndGlobalSection
	GlobalSection(SolutionProperties) = preSolution
		HideSolutionNode = FALSE
	EndGlobalSection
	GlobalSection(ExtensibilityGlobals) = postSolution
		SolutionGuid = {A7AFDDFE-3440-486A-8FC5-7ED8D04A4E92}
	EndGlobalSection
EndGlobal
